
Microsoft Visual Studio Solution File, Format Version 12.00
# Visual Studio Version 17
VisualStudioVersion = 17.5.33424.131
MinimumVisualStudioVersion = 10.0.40219.1
Project("{FAE04EC0-301F-11D3-BF4B-00C04F79EFBC}") = "BookstoreAPI", "BookstoreAPI\BookstoreAPI.csproj", "{9181CB99-121A-4E8C-B076-D0ACA2C7121B}"
EndProject
Project("{FAE04EC0-301F-11D3-BF4B-00C04F79EFBC}") = "Test", "Test\Test.csproj", "{073F5AA7-64C5-4CCC-BC45-EF175A57EF4E}"
EndProject
Global
	GlobalSection(SolutionConfigurationPlatforms) = preSolution
		Debug|Any CPU = Debug|Any CPU
		Release|Any CPU = Release|Any CPU
	EndGlobalSection
	GlobalSection(ProjectConfigurationPlatforms) = postSolution
		{9181CB99-121A-4E8C-B076-D0ACA2C7121B}.Debug|Any CPU.ActiveCfg = Debug|Any CPU
		{9181CB99-121A-4E8C-B076-D0ACA2C7121B}.Debug|Any CPU.Build.0 = Debug|Any CPU
		{9181CB99-121A-4E8C-B076-D0ACA2C7121B}.Release|Any CPU.ActiveCfg = Release|Any CPU
		{9181CB99-121A-4E8C-B076-D0ACA2C7121B}.Release|Any CPU.Build.0 = Release|Any CPU
		{073F5AA7-64C5-4CCC-BC45-EF175A57EF4E}.Debug|Any CPU.ActiveCfg = Debug|Any CPU
		{073F5AA7-64C5-4CCC-BC45-EF175A57EF4E}.Debug|Any CPU.Build.0 = Debug|Any CPU
		{073F5AA7-64C5-4CCC-BC45-EF175A57EF4E}.Release|Any CPU.ActiveCfg = Release|Any CPU
		{073F5AA7-64C5-4CCC-BC45-EF175A57EF4E}.Release|Any CPU.Build.0 = Release|Any CPU
	EndGlobalSection
	GlobalSection(SolutionProperties) = preSolution
		HideSolutionNode = FALSE
	EndGlobalSection
	GlobalSection(ExtensibilityGlobals) = postSolution
		SolutionGuid = {43B7A0A9-D5FB-4A50-8155-1BEE3DF51C9D}
	EndGlobalSection
EndGlobal
